// !$*UTF8*$!
{
	archiveVersion = 1;
	classes = {
	};
	objectVersion = 50;
	objects = {

/* Begin PBXBuildFile section */
		C4AC0404261F5A15006C4088 /* LocationManager.swift in Sources */ = {isa = PBXBuildFile; fileRef = C4AC0403261F5A15006C4088 /* LocationManager.swift */; };
		C4AC04222621E79A006C4088 /* Bus.swift in Sources */ = {isa = PBXBuildFile; fileRef = C4AC04212621E79A006C4088 /* Bus.swift */; };
		C4AC042726220391006C4088 /* BusableController.swift in Sources */ = {isa = PBXBuildFile; fileRef = C4AC042626220391006C4088 /* BusableController.swift */; };
		C4AC044D2623779F006C4088 /* LongProcessSimulator.swift in Sources */ = {isa = PBXBuildFile; fileRef = C4AC044C2623779F006C4088 /* LongProcessSimulator.swift */; };
		C4E02BB72619D0E500D311F7 /* AppDelegate.swift in Sources */ = {isa = PBXBuildFile; fileRef = C4E02BB62619D0E500D311F7 /* AppDelegate.swift */; };
		C4E02BB92619D0E500D311F7 /* SceneDelegate.swift in Sources */ = {isa = PBXBuildFile; fileRef = C4E02BB82619D0E500D311F7 /* SceneDelegate.swift */; };
		C4E02BBB2619D0E500D311F7 /* ViewController.swift in Sources */ = {isa = PBXBuildFile; fileRef = C4E02BBA2619D0E500D311F7 /* ViewController.swift */; };
		C4E02BBE2619D0E500D311F7 /* Main.storyboard in Resources */ = {isa = PBXBuildFile; fileRef = C4E02BBC2619D0E500D311F7 /* Main.storyboard */; };
		C4E02BC02619D0E600D311F7 /* Assets.xcassets in Resources */ = {isa = PBXBuildFile; fileRef = C4E02BBF2619D0E600D311F7 /* Assets.xcassets */; };
		C4E02BC32619D0E600D311F7 /* LaunchScreen.storyboard in Resources */ = {isa = PBXBuildFile; fileRef = C4E02BC12619D0E600D311F7 /* LaunchScreen.storyboard */; };
		C4E02BCE2619D0E600D311F7 /* CLBackgroundAccessTests.swift in Sources */ = {isa = PBXBuildFile; fileRef = C4E02BCD2619D0E600D311F7 /* CLBackgroundAccessTests.swift */; };
		C4E02BD92619D0E600D311F7 /* CLBackgroundAccessUITests.swift in Sources */ = {isa = PBXBuildFile; fileRef = C4E02BD82619D0E600D311F7 /* CLBackgroundAccessUITests.swift */; };
/* End PBXBuildFile section */

/* Begin PBXContainerItemProxy section */
		C4E02BCA2619D0E600D311F7 /* PBXContainerItemProxy */ = {
			isa = PBXContainerItemProxy;
			containerPortal = C4E02BAB2619D0E500D311F7 /* Project object */;
			proxyType = 1;
			remoteGlobalIDString = C4E02BB22619D0E500D311F7;
			remoteInfo = CLBackgroundAccess;
		};
		C4E02BD52619D0E600D311F7 /* PBXContainerItemProxy */ = {
			isa = PBXContainerItemProxy;
			containerPortal = C4E02BAB2619D0E500D311F7 /* Project object */;
			proxyType = 1;
			remoteGlobalIDString = C4E02BB22619D0E500D311F7;
			remoteInfo = CLBackgroundAccess;
		};
/* End PBXContainerItemProxy section */

/* Begin PBXFileReference section */
		C4AC0403261F5A15006C4088 /* LocationManager.swift */ = {isa = PBXFileReference; lastKnownFileType = sourcecode.swift; path = LocationManager.swift; sourceTree = "<group>"; };
		C4AC04212621E79A006C4088 /* Bus.swift */ = {isa = PBXFileReference; lastKnownFileType = sourcecode.swift; path = Bus.swift; sourceTree = "<group>"; };
		C4AC042626220391006C4088 /* BusableController.swift */ = {isa = PBXFileReference; lastKnownFileType = sourcecode.swift; path = BusableController.swift; sourceTree = "<group>"; };
		C4AC044C2623779F006C4088 /* LongProcessSimulator.swift */ = {isa = PBXFileReference; lastKnownFileType = sourcecode.swift; path = LongProcessSimulator.swift; sourceTree = "<group>"; };
		C4E02BB32619D0E500D311F7 /* CLBackgroundAccess.app */ = {isa = PBXFileReference; explicitFileType = wrapper.application; includeInIndex = 0; path = CLBackgroundAccess.app; sourceTree = BUILT_PRODUCTS_DIR; };
		C4E02BB62619D0E500D311F7 /* AppDelegate.swift */ = {isa = PBXFileReference; lastKnownFileType = sourcecode.swift; path = AppDelegate.swift; sourceTree = "<group>"; };
		C4E02BB82619D0E500D311F7 /* SceneDelegate.swift */ = {isa = PBXFileReference; lastKnownFileType = sourcecode.swift; path = SceneDelegate.swift; sourceTree = "<group>"; };
		C4E02BBA2619D0E500D311F7 /* ViewController.swift */ = {isa = PBXFileReference; lastKnownFileType = sourcecode.swift; path = ViewController.swift; sourceTree = "<group>"; };
		C4E02BBD2619D0E500D311F7 /* Base */ = {isa = PBXFileReference; lastKnownFileType = file.storyboard; name = Base; path = Base.lproj/Main.storyboard; sourceTree = "<group>"; };
		C4E02BBF2619D0E600D311F7 /* Assets.xcassets */ = {isa = PBXFileReference; lastKnownFileType = folder.assetcatalog; path = Assets.xcassets; sourceTree = "<group>"; };
		C4E02BC22619D0E600D311F7 /* Base */ = {isa = PBXFileReference; lastKnownFileType = file.storyboard; name = Base; path = Base.lproj/LaunchScreen.storyboard; sourceTree = "<group>"; };
		C4E02BC42619D0E600D311F7 /* Info.plist */ = {isa = PBXFileReference; lastKnownFileType = text.plist.xml; path = Info.plist; sourceTree = "<group>"; };
		C4E02BC92619D0E600D311F7 /* CLBackgroundAccessTests.xctest */ = {isa = PBXFileReference; explicitFileType = wrapper.cfbundle; includeInIndex = 0; path = CLBackgroundAccessTests.xctest; sourceTree = BUILT_PRODUCTS_DIR; };
		C4E02BCD2619D0E600D311F7 /* CLBackgroundAccessTests.swift */ = {isa = PBXFileReference; lastKnownFileType = sourcecode.swift; path = CLBackgroundAccessTests.swift; sourceTree = "<group>"; };
		C4E02BCF2619D0E600D311F7 /* Info.plist */ = {isa = PBXFileReference; lastKnownFileType = text.plist.xml; path = Info.plist; sourceTree = "<group>"; };
		C4E02BD42619D0E600D311F7 /* CLBackgroundAccessUITests.xctest */ = {isa = PBXFileReference; explicitFileType = wrapper.cfbundle; includeInIndex = 0; path = CLBackgroundAccessUITests.xctest; sourceTree = BUILT_PRODUCTS_DIR; };
		C4E02BD82619D0E600D311F7 /* CLBackgroundAccessUITests.swift */ = {isa = PBXFileReference; lastKnownFileType = sourcecode.swift; path = CLBackgroundAccessUITests.swift; sourceTree = "<group>"; };
		C4E02BDA2619D0E600D311F7 /* Info.plist */ = {isa = PBXFileReference; lastKnownFileType = text.plist.xml; path = Info.plist; sourceTree = "<group>"; };
/* End PBXFileReference section */

/* Begin PBXFrameworksBuildPhase section */
		C4E02BB02619D0E500D311F7 /* Frameworks */ = {
			isa = PBXFrameworksBuildPhase;
			buildActionMask = 2147483647;
			files = (
			);
			runOnlyForDeploymentPostprocessing = 0;
		};
		C4E02BC62619D0E600D311F7 /* Frameworks */ = {
			isa = PBXFrameworksBuildPhase;
			buildActionMask = 2147483647;
			files = (
			);
			runOnlyForDeploymentPostprocessing = 0;
		};
		C4E02BD12619D0E600D311F7 /* Frameworks */ = {
			isa = PBXFrameworksBuildPhase;
			buildActionMask = 2147483647;
			files = (
			);
			runOnlyForDeploymentPostprocessing = 0;
		};
/* End PBXFrameworksBuildPhase section */

/* Begin PBXGroup section */
		C4AC040D261F6332006C4088 /* Utils */ = {
			isa = PBXGroup;
			children = (
				C4AC0403261F5A15006C4088 /* LocationManager.swift */,
				C4AC04212621E79A006C4088 /* Bus.swift */,
				C4AC044C2623779F006C4088 /* LongProcessSimulator.swift */,
			);
			path = Utils;
			sourceTree = "<group>";
		};
		C4AC040E261F6341006C4088 /* LifeCycle */ = {
			isa = PBXGroup;
			children = (
				C4E02BB62619D0E500D311F7 /* AppDelegate.swift */,
				C4E02BB82619D0E500D311F7 /* SceneDelegate.swift */,
			);
			path = LifeCycle;
			sourceTree = "<group>";
		};
		C4AC040F261F6355006C4088 /* ViewControllers */ = {
			isa = PBXGroup;
			children = (
				C4E02BBA2619D0E500D311F7 /* ViewController.swift */,
				C4AC042626220391006C4088 /* BusableController.swift */,
			);
			path = ViewControllers;
			sourceTree = "<group>";
		};
		C4E02BAA2619D0E500D311F7 = {
			isa = PBXGroup;
			children = (
				C4E02BB52619D0E500D311F7 /* CLBackgroundAccess */,
				C4E02BCC2619D0E600D311F7 /* CLBackgroundAccessTests */,
				C4E02BD72619D0E600D311F7 /* CLBackgroundAccessUITests */,
				C4E02BB42619D0E500D311F7 /* Products */,
			);
			sourceTree = "<group>";
		};
		C4E02BB42619D0E500D311F7 /* Products */ = {
			isa = PBXGroup;
			children = (
				C4E02BB32619D0E500D311F7 /* CLBackgroundAccess.app */,
				C4E02BC92619D0E600D311F7 /* CLBackgroundAccessTests.xctest */,
				C4E02BD42619D0E600D311F7 /* CLBackgroundAccessUITests.xctest */,
			);
			name = Products;
			sourceTree = "<group>";
		};
		C4E02BB52619D0E500D311F7 /* CLBackgroundAccess */ = {
			isa = PBXGroup;
			children = (
				C4AC040E261F6341006C4088 /* LifeCycle */,
				C4AC040F261F6355006C4088 /* ViewControllers */,
				C4AC040D261F6332006C4088 /* Utils */,
				C4E02BBC2619D0E500D311F7 /* Main.storyboard */,
				C4E02BBF2619D0E600D311F7 /* Assets.xcassets */,
				C4E02BC12619D0E600D311F7 /* LaunchScreen.storyboard */,
				C4E02BC42619D0E600D311F7 /* Info.plist */,
			);
			path = CLBackgroundAccess;
			sourceTree = "<group>";
		};
		C4E02BCC2619D0E600D311F7 /* CLBackgroundAccessTests */ = {
			isa = PBXGroup;
			children = (
				C4E02BCD2619D0E600D311F7 /* CLBackgroundAccessTests.swift */,
				C4E02BCF2619D0E600D311F7 /* Info.plist */,
			);
			path = CLBackgroundAccessTests;
			sourceTree = "<group>";
		};
		C4E02BD72619D0E600D311F7 /* CLBackgroundAccessUITests */ = {
			isa = PBXGroup;
			children = (
				C4E02BD82619D0E600D311F7 /* CLBackgroundAccessUITests.swift */,
				C4E02BDA2619D0E600D311F7 /* Info.plist */,
			);
			path = CLBackgroundAccessUITests;
			sourceTree = "<group>";
		};
/* End PBXGroup section */

/* Begin PBXNativeTarget section */
		C4E02BB22619D0E500D311F7 /* CLBackgroundAccess */ = {
			isa = PBXNativeTarget;
			buildConfigurationList = C4E02BDD2619D0E600D311F7 /* Build configuration list for PBXNativeTarget "CLBackgroundAccess" */;
			buildPhases = (
				C4E02BAF2619D0E500D311F7 /* Sources */,
				C4E02BB02619D0E500D311F7 /* Frameworks */,
				C4E02BB12619D0E500D311F7 /* Resources */,
			);
			buildRules = (
			);
			dependencies = (
			);
			name = CLBackgroundAccess;
			productName = CLBackgroundAccess;
			productReference = C4E02BB32619D0E500D311F7 /* CLBackgroundAccess.app */;
			productType = "com.apple.product-type.application";
		};
		C4E02BC82619D0E600D311F7 /* CLBackgroundAccessTests */ = {
			isa = PBXNativeTarget;
			buildConfigurationList = C4E02BE02619D0E600D311F7 /* Build configuration list for PBXNativeTarget "CLBackgroundAccessTests" */;
			buildPhases = (
				C4E02BC52619D0E600D311F7 /* Sources */,
				C4E02BC62619D0E600D311F7 /* Frameworks */,
				C4E02BC72619D0E600D311F7 /* Resources */,
			);
			buildRules = (
			);
			dependencies = (
				C4E02BCB2619D0E600D311F7 /* PBXTargetDependency */,
			);
			name = CLBackgroundAccessTests;
			productName = CLBackgroundAccessTests;
			productReference = C4E02BC92619D0E600D311F7 /* CLBackgroundAccessTests.xctest */;
			productType = "com.apple.product-type.bundle.unit-test";
		};
		C4E02BD32619D0E600D311F7 /* CLBackgroundAccessUITests */ = {
			isa = PBXNativeTarget;
			buildConfigurationList = C4E02BE32619D0E600D311F7 /* Build configuration list for PBXNativeTarget "CLBackgroundAccessUITests" */;
			buildPhases = (
				C4E02BD02619D0E600D311F7 /* Sources */,
				C4E02BD12619D0E600D311F7 /* Frameworks */,
				C4E02BD22619D0E600D311F7 /* Resources */,
			);
			buildRules = (
			);
			dependencies = (
				C4E02BD62619D0E600D311F7 /* PBXTargetDependency */,
			);
			name = CLBackgroundAccessUITests;
			productName = CLBackgroundAccessUITests;
			productReference = C4E02BD42619D0E600D311F7 /* CLBackgroundAccessUITests.xctest */;
			productType = "com.apple.product-type.bundle.ui-testing";
		};
/* End PBXNativeTarget section */

/* Begin PBXProject section */
		C4E02BAB2619D0E500D311F7 /* Project object */ = {
			isa = PBXProject;
			attributes = {
				LastSwiftUpdateCheck = 1230;
				LastUpgradeCheck = 1230;
				TargetAttributes = {
					C4E02BB22619D0E500D311F7 = {
						CreatedOnToolsVersion = 12.3;
					};
					C4E02BC82619D0E600D311F7 = {
						CreatedOnToolsVersion = 12.3;
						TestTargetID = C4E02BB22619D0E500D311F7;
					};
					C4E02BD32619D0E600D311F7 = {
						CreatedOnToolsVersion = 12.3;
						TestTargetID = C4E02BB22619D0E500D311F7;
					};
				};
			};
			buildConfigurationList = C4E02BAE2619D0E500D311F7 /* Build configuration list for PBXProject "CLBackgroundAccess" */;
			compatibilityVersion = "Xcode 9.3";
			developmentRegion = en;
			hasScannedForEncodings = 0;
			knownRegions = (
				en,
				Base,
			);
			mainGroup = C4E02BAA2619D0E500D311F7;
			productRefGroup = C4E02BB42619D0E500D311F7 /* Products */;
			projectDirPath = "";
			projectRoot = "";
			targets = (
				C4E02BB22619D0E500D311F7 /* CLBackgroundAccess */,
				C4E02BC82619D0E600D311F7 /* CLBackgroundAccessTests */,
				C4E02BD32619D0E600D311F7 /* CLBackgroundAccessUITests */,
			);
		};
/* End PBXProject section */

/* Begin PBXResourcesBuildPhase section */
		C4E02BB12619D0E500D311F7 /* Resources */ = {
			isa = PBXResourcesBuildPhase;
			buildActionMask = 2147483647;
			files = (
				C4E02BC32619D0E600D311F7 /* LaunchScreen.storyboard in Resources */,
				C4E02BC02619D0E600D311F7 /* Assets.xcassets in Resources */,
				C4E02BBE2619D0E500D311F7 /* Main.storyboard in Resources */,
			);
			runOnlyForDeploymentPostprocessing = 0;
		};
		C4E02BC72619D0E600D311F7 /* Resources */ = {
			isa = PBXResourcesBuildPhase;
			buildActionMask = 2147483647;
			files = (
			);
			runOnlyForDeploymentPostprocessing = 0;
		};
		C4E02BD22619D0E600D311F7 /* Resources */ = {
			isa = PBXResourcesBuildPhase;
			buildActionMask = 2147483647;
			files = (
			);
			runOnlyForDeploymentPostprocessing = 0;
		};
/* End PBXResourcesBuildPhase section */

/* Begin PBXSourcesBuildPhase section */
		C4E02BAF2619D0E500D311F7 /* Sources */ = {
			isa = PBXSourcesBuildPhase;
			buildActionMask = 2147483647;
			files = (
				C4E02BBB2619D0E500D311F7 /* ViewController.swift in Sources */,
				C4AC0404261F5A15006C4088 /* LocationManager.swift in Sources */,
				C4AC042726220391006C4088 /* BusableController.swift in Sources */,
				C4E02BB72619D0E500D311F7 /* AppDelegate.swift in Sources */,
				C4AC04222621E79A006C4088 /* Bus.swift in Sources */,
				C4AC044D2623779F006C4088 /* LongProcessSimulator.swift in Sources */,
				C4E02BB92619D0E500D311F7 /* SceneDelegate.swift in Sources */,
			);
			runOnlyForDeploymentPostprocessing = 0;
		};
		C4E02BC52619D0E600D311F7 /* Sources */ = {
			isa = PBXSourcesBuildPhase;
			buildActionMask = 2147483647;
			files = (
				C4E02BCE2619D0E600D311F7 /* CLBackgroundAccessTests.swift in Sources */,
			);
			runOnlyForDeploymentPostprocessing = 0;
		};
		C4E02BD02619D0E600D311F7 /* Sources */ = {
			isa = PBXSourcesBuildPhase;
			buildActionMask = 2147483647;
			files = (
				C4E02BD92619D0E600D311F7 /* CLBackgroundAccessUITests.swift in Sources */,
			);
			runOnlyForDeploymentPostprocessing = 0;
		};
/* End PBXSourcesBuildPhase section */

/* Begin PBXTargetDependency section */
		C4E02BCB2619D0E600D311F7 /* PBXTargetDependency */ = {
			isa = PBXTargetDependency;
			target = C4E02BB22619D0E500D311F7 /* CLBackgroundAccess */;
			targetProxy = C4E02BCA2619D0E600D311F7 /* PBXContainerItemProxy */;
		};
		C4E02BD62619D0E600D311F7 /* PBXTargetDependency */ = {
			isa = PBXTargetDependency;
			target = C4E02BB22619D0E500D311F7 /* CLBackgroundAccess */;
			targetProxy = C4E02BD52619D0E600D311F7 /* PBXContainerItemProxy */;
		};
/* End PBXTargetDependency section */

/* Begin PBXVariantGroup section */
		C4E02BBC2619D0E500D311F7 /* Main.storyboard */ = {
			isa = PBXVariantGroup;
			children = (
				C4E02BBD2619D0E500D311F7 /* Base */,
			);
			name = Main.storyboard;
			sourceTree = "<group>";
		};
		C4E02BC12619D0E600D311F7 /* LaunchScreen.storyboard */ = {
			isa = PBXVariantGroup;
			children = (
				C4E02BC22619D0E600D311F7 /* Base */,
			);
			name = LaunchScreen.storyboard;
			sourceTree = "<group>";
		};
/* End PBXVariantGroup section */

/* Begin XCBuildConfiguration section */
		C4E02BDB2619D0E600D311F7 /* Debug */ = {
			isa = XCBuildConfiguration;
			buildSettings = {
				ALWAYS_SEARCH_USER_PATHS = NO;
				CLANG_ANALYZER_NONNULL = YES;
				CLANG_ANALYZER_NUMBER_OBJECT_CONVERSION = YES_AGGRESSIVE;
				CLANG_CXX_LANGUAGE_STANDARD = "gnu++14";
				CLANG_CXX_LIBRARY = "libc++";
				CLANG_ENABLE_MODULES = YES;
				CLANG_ENABLE_OBJC_ARC = YES;
				CLANG_ENABLE_OBJC_WEAK = YES;
				CLANG_WARN_BLOCK_CAPTURE_AUTORELEASING = YES;
				CLANG_WARN_BOOL_CONVERSION = YES;
				CLANG_WARN_COMMA = YES;
				CLANG_WARN_CONSTANT_CONVERSION = YES;
				CLANG_WARN_DEPRECATED_OBJC_IMPLEMENTATIONS = YES;
				CLANG_WARN_DIRECT_OBJC_ISA_USAGE = YES_ERROR;
				CLANG_WARN_DOCUMENTATION_COMMENTS = YES;
				CLANG_WARN_EMPTY_BODY = YES;
				CLANG_WARN_ENUM_CONVERSION = YES;
				CLANG_WARN_INFINITE_RECURSION = YES;
				CLANG_WARN_INT_CONVERSION = YES;
				CLANG_WARN_NON_LITERAL_NULL_CONVERSION = YES;
				CLANG_WARN_OBJC_IMPLICIT_RETAIN_SELF = YES;
				CLANG_WARN_OBJC_LITERAL_CONVERSION = YES;
				CLANG_WARN_OBJC_ROOT_CLASS = YES_ERROR;
				CLANG_WARN_QUOTED_INCLUDE_IN_FRAMEWORK_HEADER = YES;
				CLANG_WARN_RANGE_LOOP_ANALYSIS = YES;
				CLANG_WARN_STRICT_PROTOTYPES = YES;
				CLANG_WARN_SUSPICIOUS_MOVE = YES;
				CLANG_WARN_UNGUARDED_AVAILABILITY = YES_AGGRESSIVE;
				CLANG_WARN_UNREACHABLE_CODE = YES;
				CLANG_WARN__DUPLICATE_METHOD_MATCH = YES;
				COPY_PHASE_STRIP = NO;
				DEBUG_INFORMATION_FORMAT = dwarf;
				ENABLE_STRICT_OBJC_MSGSEND = YES;
				ENABLE_TESTABILITY = YES;
				GCC_C_LANGUAGE_STANDARD = gnu11;
				GCC_DYNAMIC_NO_PIC = NO;
				GCC_NO_COMMON_BLOCKS = YES;
				GCC_OPTIMIZATION_LEVEL = 0;
				GCC_PREPROCESSOR_DEFINITIONS = (
					"DEBUG=1",
					"$(inherited)",
				);
				GCC_WARN_64_TO_32_BIT_CONVERSION = YES;
				GCC_WARN_ABOUT_RETURN_TYPE = YES_ERROR;
				GCC_WARN_UNDECLARED_SELECTOR = YES;
				GCC_WARN_UNINITIALIZED_AUTOS = YES_AGGRESSIVE;
				GCC_WARN_UNUSED_FUNCTION = YES;
				GCC_WARN_UNUSED_VARIABLE = YES;
				IPHONEOS_DEPLOYMENT_TARGET = 14.3;
				MTL_ENABLE_DEBUG_INFO = INCLUDE_SOURCE;
				MTL_FAST_MATH = YES;
				ONLY_ACTIVE_ARCH = YES;
				SDKROOT = iphoneos;
				SWIFT_ACTIVE_COMPILATION_CONDITIONS = DEBUG;
				SWIFT_OPTIMIZATION_LEVEL = "-Onone";
			};
			name = Debug;
		};
		C4E02BDC2619D0E600D311F7 /* Release */ = {
			isa = XCBuildConfiguration;
			buildSettings = {
				ALWAYS_SEARCH_USER_PATHS = NO;
				CLANG_ANALYZER_NONNULL = YES;
				CLANG_ANALYZER_NUMBER_OBJECT_CONVERSION = YES_AGGRESSIVE;
				CLANG_CXX_LANGUAGE_STANDARD = "gnu++14";
				CLANG_CXX_LIBRARY = "libc++";
				CLANG_ENABLE_MODULES = YES;
				CLANG_ENABLE_OBJC_ARC = YES;
				CLANG_ENABLE_OBJC_WEAK = YES;
				CLANG_WARN_BLOCK_CAPTURE_AUTORELEASING = YES;
				CLANG_WARN_BOOL_CONVERSION = YES;
				CLANG_WARN_COMMA = YES;
				CLANG_WARN_CONSTANT_CONVERSION = YES;
				CLANG_WARN_DEPRECATED_OBJC_IMPLEMENTATIONS = YES;
				CLANG_WARN_DIRECT_OBJC_ISA_USAGE = YES_ERROR;
				CLANG_WARN_DOCUMENTATION_COMMENTS = YES;
				CLANG_WARN_EMPTY_BODY = YES;
				CLANG_WARN_ENUM_CONVERSION = YES;
				CLANG_WARN_INFINITE_RECURSION = YES;
				CLANG_WARN_INT_CONVERSION = YES;
				CLANG_WARN_NON_LITERAL_NULL_CONVERSION = YES;
				CLANG_WARN_OBJC_IMPLICIT_RETAIN_SELF = YES;
				CLANG_WARN_OBJC_LITERAL_CONVERSION = YES;
				CLANG_WARN_OBJC_ROOT_CLASS = YES_ERROR;
				CLANG_WARN_QUOTED_INCLUDE_IN_FRAMEWORK_HEADER = YES;
				CLANG_WARN_RANGE_LOOP_ANALYSIS = YES;
				CLANG_WARN_STRICT_PROTOTYPES = YES;
				CLANG_WARN_SUSPICIOUS_MOVE = YES;
				CLANG_WARN_UNGUARDED_AVAILABILITY = YES_AGGRESSIVE;
				CLANG_WARN_UNREACHABLE_CODE = YES;
				CLANG_WARN__DUPLICATE_METHOD_MATCH = YES;
				COPY_PHASE_STRIP = NO;
				DEBUG_INFORMATION_FORMAT = "dwarf-with-dsym";
				ENABLE_NS_ASSERTIONS = NO;
				ENABLE_STRICT_OBJC_MSGSEND = YES;
				GCC_C_LANGUAGE_STANDARD = gnu11;
				GCC_NO_COMMON_BLOCKS = YES;
				GCC_WARN_64_TO_32_BIT_CONVERSION = YES;
				GCC_WARN_ABOUT_RETURN_TYPE = YES_ERROR;
				GCC_WARN_UNDECLARED_SELECTOR = YES;
				GCC_WARN_UNINITIALIZED_AUTOS = YES_AGGRESSIVE;
				GCC_WARN_UNUSED_FUNCTION = YES;
				GCC_WARN_UNUSED_VARIABLE = YES;
				IPHONEOS_DEPLOYMENT_TARGET = 14.3;
				MTL_ENABLE_DEBUG_INFO = NO;
				MTL_FAST_MATH = YES;
				SDKROOT = iphoneos;
				SWIFT_COMPILATION_MODE = wholemodule;
				SWIFT_OPTIMIZATION_LEVEL = "-O";
				VALIDATE_PRODUCT = YES;
			};
			name = Release;
		};
		C4E02BDE2619D0E600D311F7 /* Debug */ = {
			isa = XCBuildConfiguration;
			buildSettings = {
				ASSETCATALOG_COMPILER_APPICON_NAME = AppIcon;
				ASSETCATALOG_COMPILER_GLOBAL_ACCENT_COLOR_NAME = AccentColor;
				CODE_SIGN_STYLE = Automatic;
				DEVELOPMENT_TEAM = S72A8V4XU9;
				INFOPLIST_FILE = CLBackgroundAccess/Info.plist;
				LD_RUNPATH_SEARCH_PATHS = (
					"$(inherited)",
					"@executable_path/Frameworks",
				);
				PRODUCT_BUNDLE_IDENTIFIER = io.codiseus.CLBackgroundAccess;
				PRODUCT_NAME = "$(TARGET_NAME)";
				SWIFT_VERSION = 5.0;
				TARGETED_DEVICE_FAMILY = "1,2";
			};
			name = Debug;
		};
		C4E02BDF2619D0E600D311F7 /* Release */ = {
			isa = XCBuildConfiguration;
			buildSettings = {
				ASSETCATALOG_COMPILER_APPICON_NAME = AppIcon;
				ASSETCATALOG_COMPILER_GLOBAL_ACCENT_COLOR_NAME = AccentColor;
				CODE_SIGN_STYLE = Automatic;
				DEVELOPMENT_TEAM = S72A8V4XU9;
				INFOPLIST_FILE = CLBackgroundAccess/Info.plist;
				LD_RUNPATH_SEARCH_PATHS = (
					"$(inherited)",
					"@executable_path/Frameworks",
				);
				PRODUCT_BUNDLE_IDENTIFIER = io.codiseus.CLBackgroundAccess;
				PRODUCT_NAME = "$(TARGET_NAME)";
				SWIFT_VERSION = 5.0;
				TARGETED_DEVICE_FAMILY = "1,2";
			};
			name = Release;
		};
		C4E02BE12619D0E600D311F7 /* Debug */ = {
			isa = XCBuildConfiguration;
			buildSettings = {
				ALWAYS_EMBED_SWIFT_STANDARD_LIBRARIES = YES;
				BUNDLE_LOADER = "$(TEST_HOST)";
				CODE_SIGN_STYLE = Automatic;
				DEVELOPMENT_TEAM = S72A8V4XU9;
				INFOPLIST_FILE = CLBackgroundAccessTests/Info.plist;
				IPHONEOS_DEPLOYMENT_TARGET = 14.3;
				LD_RUNPATH_SEARCH_PATHS = (
					"$(inherited)",
					"@executable_path/Frameworks",
					"@loader_path/Frameworks",
				);
				PRODUCT_BUNDLE_IDENTIFIER = io.codiseus.CLBackgroundAccessTests;
				PRODUCT_NAME = "$(TARGET_NAME)";
				SWIFT_VERSION = 5.0;
				TARGETED_DEVICE_FAMILY = "1,2";
				TEST_HOST = "$(BUILT_PRODUCTS_DIR)/CLBackgroundAccess.app/CLBackgroundAccess";
			};
			name = Debug;
		};
		C4E02BE22619D0E600D311F7 /* Release */ = {
			isa = XCBuildConfiguration;
			buildSettings = {
				ALWAYS_EMBED_SWIFT_STANDARD_LIBRARIES = YES;
				BUNDLE_LOADER = "$(TEST_HOST)";
				CODE_SIGN_STYLE = Automatic;
				DEVELOPMENT_TEAM = S72A8V4XU9;
				INFOPLIST_FILE = CLBackgroundAccessTests/Info.plist;
				IPHONEOS_DEPLOYMENT_TARGET = 14.3;
				LD_RUNPATH_SEARCH_PATHS = (
					"$(inherited)",
					"@executable_path/Frameworks",
					"@loader_path/Frameworks",
				);
				PRODUCT_BUNDLE_IDENTIFIER = io.codiseus.CLBackgroundAccessTests;
				PRODUCT_NAME = "$(TARGET_NAME)";
				SWIFT_VERSION = 5.0;
				TARGETED_DEVICE_FAMILY = "1,2";
				TEST_HOST = "$(BUILT_PRODUCTS_DIR)/CLBackgroundAccess.app/CLBackgroundAccess";
			};
			name = Release;
		};
		C4E02BE42619D0E600D311F7 /* Debug */ = {
			isa = XCBuildConfiguration;
			buildSettings = {
				ALWAYS_EMBED_SWIFT_STANDARD_LIBRARIES = YES;
				CODE_SIGN_STYLE = Automatic;
				DEVELOPMENT_TEAM = S72A8V4XU9;
				INFOPLIST_FILE = CLBackgroundAccessUITests/Info.plist;
				LD_RUNPATH_SEARCH_PATHS = (
					"$(inherited)",
					"@executable_path/Frameworks",
					"@loader_path/Frameworks",
				);
				PRODUCT_BUNDLE_IDENTIFIER = io.codiseus.CLBackgroundAccessUITests;
				PRODUCT_NAME = "$(TARGET_NAME)";
				SWIFT_VERSION = 5.0;
				TARGETED_DEVICE_FAMILY = "1,2";
				TEST_TARGET_NAME = CLBackgroundAccess;
			};
			name = Debug;
		};
		C4E02BE52619D0E600D311F7 /* Release */ = {
			isa = XCBuildConfiguration;
			buildSettings = {
				ALWAYS_EMBED_SWIFT_STANDARD_LIBRARIES = YES;
				CODE_SIGN_STYLE = Automatic;
				DEVELOPMENT_TEAM = S72A8V4XU9;
				INFOPLIST_FILE = CLBackgroundAccessUITests/Info.plist;
				LD_RUNPATH_SEARCH_PATHS = (
					"$(inherited)",
					"@executable_path/Frameworks",
					"@loader_path/Frameworks",
				);
				PRODUCT_BUNDLE_IDENTIFIER = io.codiseus.CLBackgroundAccessUITests;
				PRODUCT_NAME = "$(TARGET_NAME)";
				SWIFT_VERSION = 5.0;
				TARGETED_DEVICE_FAMILY = "1,2";
				TEST_TARGET_NAME = CLBackgroundAccess;
			};
			name = Release;
		};
/* End XCBuildConfiguration section */

/* Begin XCConfigurationList section */
		C4E02BAE2619D0E500D311F7 /* Build configuration list for PBXProject "CLBackgroundAccess" */ = {
			isa = XCConfigurationList;
			buildConfigurations = (
				C4E02BDB2619D0E600D311F7 /* Debug */,
				C4E02BDC2619D0E600D311F7 /* Release */,
			);
			defaultConfigurationIsVisible = 0;
			defaultConfigurationName = Release;
		};
		C4E02BDD2619D0E600D311F7 /* Build configuration list for PBXNativeTarget "CLBackgroundAccess" */ = {
			isa = XCConfigurationList;
			buildConfigurations = (
				C4E02BDE2619D0E600D311F7 /* Debug */,
				C4E02BDF2619D0E600D311F7 /* Release */,
			);
			defaultConfigurationIsVisible = 0;
			defaultConfigurationName = Release;
		};
		C4E02BE02619D0E600D311F7 /* Build configuration list for PBXNativeTarget "CLBackgroundAccessTests" */ = {
			isa = XCConfigurationList;
			buildConfigurations = (
				C4E02BE12619D0E600D311F7 /* Debug */,
				C4E02BE22619D0E600D311F7 /* Release */,
			);
			defaultConfigurationIsVisible = 0;
			defaultConfigurationName = Release;
		};
		C4E02BE32619D0E600D311F7 /* Build configuration list for PBXNativeTarget "CLBackgroundAccessUITests" */ = {
			isa = XCConfigurationList;
			buildConfigurations = (
				C4E02BE42619D0E600D311F7 /* Debug */,
				C4E02BE52619D0E600D311F7 /* Release */,
			);
			defaultConfigurationIsVisible = 0;
			defaultConfigurationName = Release;
		};
/* End XCConfigurationList section */
	};
	rootObject = C4E02BAB2619D0E500D311F7 /* Project object */;
}
